// !$*UTF8*$!
{
	archiveVersion = 1;
	classes = {
	};
	objectVersion = 77;
	objects = {

/* Begin PBXBuildFile section */
		4D42F7DDC9F610110B9F64EF /* SpottersaurusKit in Frameworks */ = {isa = PBXBuildFile; productRef = 3C68AE2D3916E16DB1ABDBF8 /* SpottersaurusKit */; };
		6555BC6349A074C243131609 /* SpottersaurusKit in Frameworks */ = {isa = PBXBuildFile; productRef = E80C4A7F1F38EE7D87177D25 /* SpottersaurusKit */; };
		894910732FFFB6BE00A500BD /* Spottersaurus Watch App.app in Embed Watch Content */ = {isa = PBXBuildFile; fileRef = 8213A293FFC5FE4DB7C374E3 /* Spottersaurus Watch App.app */; settings = {ATTRIBUTES = (RemoveHeadersOnCopy, CodeSignOnCopy, ); }; };
		AA078ADDA09B506F968DB96E /* Foundation.framework in Frameworks */ = {isa = PBXBuildFile; fileRef = 1C4B4393CD119A1E5B9616BE /* Foundation.framework */; };
/* End PBXBuildFile section */

/* Begin PBXContainerItemProxy section */
		894910702FFFB63200A500BD /* PBXContainerItemProxy */ = {
			isa = PBXContainerItemProxy;
			containerPortal = 89BC9BA92FF31AC50057D47D /* Project object */;
			proxyType = 1;
			remoteGlobalIDString = BF7CDF54A49A964C3EA68EE4;
			remoteInfo = "Spottersaurus Watch App";
		};
		89BC9BC12FF31AC70057D47D /* PBXContainerItemProxy */ = {
			isa = PBXContainerItemProxy;
			containerPortal = 89BC9BA92FF31AC50057D47D /* Project object */;
			proxyType = 1;
			remoteGlobalIDString = 89BC9BB02FF31AC50057D47D;
			remoteInfo = Spottersaurus;
		};
		89BC9BCB2FF31AC70057D47D /* PBXContainerItemProxy */ = {
			isa = PBXContainerItemProxy;
			containerPortal = 89BC9BA92FF31AC50057D47D /* Project object */;
			proxyType = 1;
			remoteGlobalIDString = 89BC9BB02FF31AC50057D47D;
			remoteInfo = Spottersaurus;
		};
/* End PBXContainerItemProxy section */

/* Begin PBXCopyFilesBuildPhase section */
		894910722FFFB66C00A500BD /* Embed Watch Content */ = {
			isa = PBXCopyFilesBuildPhase;
			buildActionMask = 2147483647;
			dstPath = "$(CONTENTS_FOLDER_PATH)/Watch";
			dstSubfolderSpec = 16;
			files = (
				894910732FFFB6BE00A500BD /* Spottersaurus Watch App.app in Embed Watch Content */,
			);
			name = "Embed Watch Content";
			runOnlyForDeploymentPostprocessing = 0;
		};
/* End PBXCopyFilesBuildPhase section */

/* Begin PBXFileReference section */
		1C4B4393CD119A1E5B9616BE /* Foundation.framework */ = {isa = PBXFileReference; lastKnownFileType = wrapper.framework; name = Foundation.framework; path = Platforms/WatchOS.platform/Developer/SDKs/WatchOS11.0.sdk/System/Library/Frameworks/Foundation.framework; sourceTree = DEVELOPER_DIR; };
		8213A293FFC5FE4DB7C374E3 /* Spottersaurus Watch App.app */ = {isa = PBXFileReference; explicitFileType = wrapper.application; includeInIndex = 0; path = "Spottersaurus Watch App.app"; sourceTree = BUILT_PRODUCTS_DIR; };
		89BC9BB12FF31AC50057D47D /* Spottersaurus.app */ = {isa = PBXFileReference; explicitFileType = wrapper.application; includeInIndex = 0; path = Spottersaurus.app; sourceTree = BUILT_PRODUCTS_DIR; };
		89BC9BC02FF31AC70057D47D /* SpottersaurusTests.xctest */ = {isa = PBXFileReference; explicitFileType = wrapper.cfbundle; includeInIndex = 0; path = SpottersaurusTests.xctest; sourceTree = BUILT_PRODUCTS_DIR; };
		89BC9BCA2FF31AC70057D47D /* SpottersaurusUITests.xctest */ = {isa = PBXFileReference; explicitFileType = wrapper.cfbundle; includeInIndex = 0; path = SpottersaurusUITests.xctest; sourceTree = BUILT_PRODUCTS_DIR; };
/* End PBXFileReference section */

/* Begin PBXFileSystemSynchronizedBuildFileExceptionSet section */
		7A3D0F4D4D724E3697B6E001 /* Exceptions for "Spottersaurus" folder in "Spottersaurus" target */ = {
			isa = PBXFileSystemSynchronizedBuildFileExceptionSet;
			membershipExceptions = (
				Info.plist,
			);
			target = 89BC9BB02FF31AC50057D47D /* Spottersaurus */;
		};
/* End PBXFileSystemSynchronizedBuildFileExceptionSet section */

/* Begin PBXFileSystemSynchronizedRootGroup section */
		89BC9BB32FF31AC50057D47D /* Spottersaurus */ = {
			isa = PBXFileSystemSynchronizedRootGroup;
			exceptions = (
				7A3D0F4D4D724E3697B6E001 /* Exceptions for "Spottersaurus" folder in "Spottersaurus" target */,
			);
			path = Spottersaurus;
			sourceTree = "<group>";
		};
		89BC9BC32FF31AC70057D47D /* SpottersaurusTests */ = {
			isa = PBXFileSystemSynchronizedRootGroup;
			exceptions = (
			);
			path = SpottersaurusTests;
			sourceTree = "<group>";
		};
		89BC9BCD2FF31AC70057D47D /* SpottersaurusUITests */ = {
			isa = PBXFileSystemSynchronizedRootGroup;
			exceptions = (
			);
			path = SpottersaurusUITests;
			sourceTree = "<group>";
		};
		CB061F32A3F9A51A7B602829 /* Spottersaurus Watch App */ = {
			isa = PBXFileSystemSynchronizedRootGroup;
			exceptions = (
			);
			path = "Spottersaurus Watch App";
			sourceTree = "<group>";
		};
/* End PBXFileSystemSynchronizedRootGroup section */

/* Begin PBXFrameworksBuildPhase section */
		89BC9BAE2FF31AC50057D47D /* Frameworks */ = {
			isa = PBXFrameworksBuildPhase;
			buildActionMask = 2147483647;
			files = (
				6555BC6349A074C243131609 /* SpottersaurusKit in Frameworks */,
			);
			runOnlyForDeploymentPostprocessing = 0;
		};
		89BC9BBD2FF31AC70057D47D /* Frameworks */ = {
			isa = PBXFrameworksBuildPhase;
			buildActionMask = 2147483647;
			files = (
			);
			runOnlyForDeploymentPostprocessing = 0;
		};
		89BC9BC72FF31AC70057D47D /* Frameworks */ = {
			isa = PBXFrameworksBuildPhase;
			buildActionMask = 2147483647;
			files = (
			);
			runOnlyForDeploymentPostprocessing = 0;
		};
		B624479BE75CF98AA50F2716 /* Frameworks */ = {
			isa = PBXFrameworksBuildPhase;
			buildActionMask = 2147483647;
			files = (
				AA078ADDA09B506F968DB96E /* Foundation.framework in Frameworks */,
				4D42F7DDC9F610110B9F64EF /* SpottersaurusKit in Frameworks */,
			);
			runOnlyForDeploymentPostprocessing = 0;
		};
/* End PBXFrameworksBuildPhase section */

/* Begin PBXGroup section */
		89BC9BA82FF31AC50057D47D = {
			isa = PBXGroup;
			children = (
				89BC9BB32FF31AC50057D47D /* Spottersaurus */,
				89BC9BC32FF31AC70057D47D /* SpottersaurusTests */,
				89BC9BCD2FF31AC70057D47D /* SpottersaurusUITests */,
				89BC9BB22FF31AC50057D47D /* Products */,
				E7452E2ADAEBE39A657777F7 /* Frameworks */,
				CB061F32A3F9A51A7B602829 /* Spottersaurus Watch App */,
			);
			sourceTree = "<group>";
		};
		89BC9BB22FF31AC50057D47D /* Products */ = {
			isa = PBXGroup;
			children = (
				89BC9BB12FF31AC50057D47D /* Spottersaurus.app */,
				89BC9BC02FF31AC70057D47D /* SpottersaurusTests.xctest */,
				89BC9BCA2FF31AC70057D47D /* SpottersaurusUITests.xctest */,
				8213A293FFC5FE4DB7C374E3 /* Spottersaurus Watch App.app */,
			);
			name = Products;
			sourceTree = "<group>";
		};
		B4887543230E75E0A741F0B8 /* watchOS */ = {
			isa = PBXGroup;
			children = (
				1C4B4393CD119A1E5B9616BE /* Foundation.framework */,
			);
			name = watchOS;
			sourceTree = "<group>";
		};
		E7452E2ADAEBE39A657777F7 /* Frameworks */ = {
			isa = PBXGroup;
			children = (
				B4887543230E75E0A741F0B8 /* watchOS */,
			);
			name = Frameworks;
			sourceTree = "<group>";
		};
/* End PBXGroup section */

/* Begin PBXNativeTarget section */
		89BC9BB02FF31AC50057D47D /* Spottersaurus */ = {
			isa = PBXNativeTarget;
			buildConfigurationList = 89BC9BD42FF31AC70057D47D /* Build configuration list for PBXNativeTarget "Spottersaurus" */;
			buildPhases = (
				89BC9BAD2FF31AC50057D47D /* Sources */,
				89BC9BAE2FF31AC50057D47D /* Frameworks */,
				89BC9BAF2FF31AC50057D47D /* Resources */,
				894910722FFFB66C00A500BD /* Embed Watch Content */,
			);
			buildRules = (
			);
			dependencies = (
				894910712FFFB63200A500BD /* PBXTargetDependency */,
			);
			fileSystemSynchronizedGroups = (
				89BC9BB32FF31AC50057D47D /* Spottersaurus */,
			);
			name = Spottersaurus;
			packageProductDependencies = (
				E80C4A7F1F38EE7D87177D25 /* SpottersaurusKit */,
			);
			productName = Spottersaurus;
			productReference = 89BC9BB12FF31AC50057D47D /* Spottersaurus.app */;
			productType = "com.apple.product-type.application";
		};
		89BC9BBF2FF31AC70057D47D /* SpottersaurusTests */ = {
			isa = PBXNativeTarget;
			buildConfigurationList = 89BC9BD72FF31AC70057D47D /* Build configuration list for PBXNativeTarget "SpottersaurusTests" */;
			buildPhases = (
				89BC9BBC2FF31AC70057D47D /* Sources */,
				89BC9BBD2FF31AC70057D47D /* Frameworks */,
				89BC9BBE2FF31AC70057D47D /* Resources */,
			);
			buildRules = (
			);
			dependencies = (
				89BC9BC22FF31AC70057D47D /* PBXTargetDependency */,
			);
			fileSystemSynchronizedGroups = (
				89BC9BC32FF31AC70057D47D /* SpottersaurusTests */,
			);
			name = SpottersaurusTests;
			productName = SpottersaurusTests;
			productReference = 89BC9BC02FF31AC70057D47D /* SpottersaurusTests.xctest */;
			productType = "com.apple.product-type.bundle.unit-test";
		};
		89BC9BC92FF31AC70057D47D /* SpottersaurusUITests */ = {
			isa = PBXNativeTarget;
			buildConfigurationList = 89BC9BDA2FF31AC70057D47D /* Build configuration list for PBXNativeTarget "SpottersaurusUITests" */;
			buildPhases = (
				89BC9BC62FF31AC70057D47D /* Sources */,
				89BC9BC72FF31AC70057D47D /* Frameworks */,
				89BC9BC82FF31AC70057D47D /* Resources */,
			);
			buildRules = (
			);
			dependencies = (
				89BC9BCC2FF31AC70057D47D /* PBXTargetDependency */,
			);
			fileSystemSynchronizedGroups = (
				89BC9BCD2FF31AC70057D47D /* SpottersaurusUITests */,
			);
			name = SpottersaurusUITests;
			productName = SpottersaurusUITests;
			productReference = 89BC9BCA2FF31AC70057D47D /* SpottersaurusUITests.xctest */;
			productType = "com.apple.product-type.bundle.ui-testing";
		};
		BF7CDF54A49A964C3EA68EE4 /* Spottersaurus Watch App */ = {
			isa = PBXNativeTarget;
			buildConfigurationList = 2CB31BDAF71B9D08BD126FD4 /* Build configuration list for PBXNativeTarget "Spottersaurus Watch App" */;
			buildPhases = (
				E375DEA0FC25F8658C88C56B /* Sources */,
				B624479BE75CF98AA50F2716 /* Frameworks */,
				019B84E759FB2890010F5BBD /* Resources */,
			);
			buildRules = (
			);
			dependencies = (
			);
			fileSystemSynchronizedGroups = (
				CB061F32A3F9A51A7B602829 /* Spottersaurus Watch App */,
			);
			name = "Spottersaurus Watch App";
			packageProductDependencies = (
				3C68AE2D3916E16DB1ABDBF8 /* SpottersaurusKit */,
			);
			productName = "Spottersaurus Watch App";
			productReference = 8213A293FFC5FE4DB7C374E3 /* Spottersaurus Watch App.app */;
			productType = "com.apple.product-type.application";
		};
/* End PBXNativeTarget section */

/* Begin PBXProject section */
		89BC9BA92FF31AC50057D47D /* Project object */ = {
			isa = PBXProject;
			attributes = {
				BuildIndependentTargetsInParallel = 1;
				LastSwiftUpdateCheck = 2660;
				LastUpgradeCheck = 2660;
				TargetAttributes = {
					89BC9BB02FF31AC50057D47D = {
						CreatedOnToolsVersion = 26.6;
					};
					89BC9BBF2FF31AC70057D47D = {
						CreatedOnToolsVersion = 26.6;
						TestTargetID = 89BC9BB02FF31AC50057D47D;
					};
					89BC9BC92FF31AC70057D47D = {
						CreatedOnToolsVersion = 26.6;
						TestTargetID = 89BC9BB02FF31AC50057D47D;
					};
				};
			};
			buildConfigurationList = 89BC9BAC2FF31AC50057D47D /* Build configuration list for PBXProject "Spottersaurus" */;
			developmentRegion = en;
			hasScannedForEncodings = 0;
			knownRegions = (
				en,
				Base,
			);
			mainGroup = 89BC9BA82FF31AC50057D47D;
			minimizedProjectReferenceProxies = 1;
			packageReferences = (
				E8F567BEAD1605D4C8CF507E /* XCLocalSwiftPackageReference "SpottersaurusKit" */,
			);
			preferredProjectObjectVersion = 77;
			productRefGroup = 89BC9BB22FF31AC50057D47D /* Products */;
			projectDirPath = "";
			projectRoot = "";
			targets = (
				89BC9BB02FF31AC50057D47D /* Spottersaurus */,
				89BC9BBF2FF31AC70057D47D /* SpottersaurusTests */,
				89BC9BC92FF31AC70057D47D /* SpottersaurusUITests */,
				BF7CDF54A49A964C3EA68EE4 /* Spottersaurus Watch App */,
			);
		};
/* End PBXProject section */

/* Begin PBXResourcesBuildPhase section */
		019B84E759FB2890010F5BBD /* Resources */ = {
			isa = PBXResourcesBuildPhase;
			buildActionMask = 2147483647;
			files = (
			);
			runOnlyForDeploymentPostprocessing = 0;
		};
		89BC9BAF2FF31AC50057D47D /* Resources */ = {
			isa = PBXResourcesBuildPhase;
			buildActionMask = 2147483647;
			files = (
			);
			runOnlyForDeploymentPostprocessing = 0;
		};
		89BC9BBE2FF31AC70057D47D /* Resources */ = {
			isa = PBXResourcesBuildPhase;
			buildActionMask = 2147483647;
			files = (
			);
			runOnlyForDeploymentPostprocessing = 0;
		};
		89BC9BC82FF31AC70057D47D /* Resources */ = {
			isa = PBXResourcesBuildPhase;
			buildActionMask = 2147483647;
			files = (
			);
			runOnlyForDeploymentPostprocessing = 0;
		};
/* End PBXResourcesBuildPhase section */

/* Begin PBXSourcesBuildPhase section */
		89BC9BAD2FF31AC50057D47D /* Sources */ = {
			isa = PBXSourcesBuildPhase;
			buildActionMask = 2147483647;
			files = (
			);
			runOnlyForDeploymentPostprocessing = 0;
		};
		89BC9BBC2FF31AC70057D47D /* Sources */ = {
			isa = PBXSourcesBuildPhase;
			buildActionMask = 2147483647;
			files = (
			);
			runOnlyForDeploymentPostprocessing = 0;
		};
		89BC9BC62FF31AC70057D47D /* Sources */ = {
			isa = PBXSourcesBuildPhase;
			buildActionMask = 2147483647;
			files = (
			);
			runOnlyForDeploymentPostprocessing = 0;
		};
		E375DEA0FC25F8658C88C56B /* Sources */ = {
			isa = PBXSourcesBuildPhase;
			buildActionMask = 2147483647;
			files = (
			);
			runOnlyForDeploymentPostprocessing = 0;
		};
/* End PBXSourcesBuildPhase section */

/* Begin PBXTargetDependency section */
		894910712FFFB63200A500BD /* PBXTargetDependency */ = {
			isa = PBXTargetDependency;
			target = BF7CDF54A49A964C3EA68EE4 /* Spottersaurus Watch App */;
			targetProxy = 894910702FFFB63200A500BD /* PBXContainerItemProxy */;
		};
		89BC9BC22FF31AC70057D47D /* PBXTargetDependency */ = {
			isa = PBXTargetDependency;
			target = 89BC9BB02FF31AC50057D47D /* Spottersaurus */;
			targetProxy = 89BC9BC12FF31AC70057D47D /* PBXContainerItemProxy */;
		};
		89BC9BCC2FF31AC70057D47D /* PBXTargetDependency */ = {
			isa = PBXTargetDependency;
			target = 89BC9BB02FF31AC50057D47D /* Spottersaurus */;
			targetProxy = 89BC9BCB2FF31AC70057D47D /* PBXContainerItemProxy */;
		};
/* End PBXTargetDependency section */

/* Begin XCBuildConfiguration section */
		2333AD654DDE6EFEE6BCEA88 /* Debug */ = {
			isa = XCBuildConfiguration;
			buildSettings = {
				ASSETCATALOG_COMPILER_APPICON_NAME = AppIcon;
				ASSETCATALOG_COMPILER_GLOBAL_ACCENT_COLOR_NAME = AccentColor;
				CODE_SIGN_ENTITLEMENTS = "Spottersaurus Watch App/Spottersaurus Watch App.entitlements";
				CODE_SIGN_STYLE = Automatic;
				CURRENT_PROJECT_VERSION = 1;
				DEVELOPMENT_TEAM = YMWQA4CLV6;
				ENABLE_PREVIEWS = YES;
				GENERATE_INFOPLIST_FILE = YES;
				INFOPLIST_KEY_CFBundleDisplayName = Spottersaurus;
				INFOPLIST_KEY_NSHealthShareUsageDescription = "Spottersaurus reads your heart rate during a set to spot for a grinding rep.";
				INFOPLIST_KEY_NSHealthUpdateUsageDescription = "Spottersaurus saves your finished lifting sessions to Health.";
				INFOPLIST_KEY_NSMotionUsageDescription = "Spottersaurus reads wrist motion to track bar speed and detect a stalling rep.";
				INFOPLIST_KEY_WKApplication = YES;
				INFOPLIST_KEY_WKCompanionAppBundleIdentifier = amadeu.dev.Spottersaurus;
				MARKETING_VERSION = 1.0;
				PRODUCT_BUNDLE_IDENTIFIER = amadeu.dev.Spottersaurus.watchkitapp;
				PRODUCT_NAME = "$(TARGET_NAME)";
				SDKROOT = watchos;
				SKIP_INSTALL = YES;
				SUPPORTED_PLATFORMS = "watchos watchsimulator";
				SWIFT_APPROACHABLE_CONCURRENCY = YES;
				SWIFT_EMIT_LOC_STRINGS = YES;
				SWIFT_VERSION = 5.0;
				TARGETED_DEVICE_FAMILY = 4;
				WATCHOS_DEPLOYMENT_TARGET = 26.0;
			};
			name = Debug;
		};
		8870C7F50546565401710BBB /* Release */ = {
			isa = XCBuildConfiguration;
			buildSettings = {
				ASSETCATALOG_COMPILER_APPICON_NAME = AppIcon;
				ASSETCATALOG_COMPILER_GLOBAL_ACCENT_COLOR_NAME = AccentColor;
				CODE_SIGN_ENTITLEMENTS = "Spottersaurus Watch App/Spottersaurus Watch App.entitlements";
				CODE_SIGN_STYLE = Automatic;
				CURRENT_PROJECT_VERSION = 1;
				DEVELOPMENT_TEAM = YMWQA4CLV6;
				ENABLE_PREVIEWS = YES;
				GENERATE_INFOPLIST_FILE = YES;
				INFOPLIST_KEY_CFBundleDisplayName = Spottersaurus;
				INFOPLIST_KEY_NSHealthShareUsageDescription = "Spottersaurus reads your heart rate during a set to spot for a grinding rep.";
				INFOPLIST_KEY_NSHealthUpdateUsageDescription = "Spottersaurus saves your finished lifting sessions to Health.";
				INFOPLIST_KEY_NSMotionUsageDescription = "Spottersaurus reads wrist motion to track bar speed and detect a stalling rep.";
				INFOPLIST_KEY_WKApplication = YES;
				INFOPLIST_KEY_WKCompanionAppBundleIdentifier = amadeu.dev.Spottersaurus;
				MARKETING_VERSION = 1.0;
				PRODUCT_BUNDLE_IDENTIFIER = amadeu.dev.Spottersaurus.watchkitapp;
				PRODUCT_NAME = "$(TARGET_NAME)";
				SDKROOT = watchos;
				SKIP_INSTALL = YES;
				SUPPORTED_PLATFORMS = "watchos watchsimulator";
				SWIFT_APPROACHABLE_CONCURRENCY = YES;
				SWIFT_EMIT_LOC_STRINGS = YES;
				SWIFT_VERSION = 5.0;
				TARGETED_DEVICE_FAMILY = 4;
				VALIDATE_PRODUCT = YES;
				WATCHOS_DEPLOYMENT_TARGET = 26.0;
			};
			name = Release;
		};
		89BC9BD22FF31AC70057D47D /* Debug */ = {
			isa = XCBuildConfiguration;
			buildSettings = {
				ALWAYS_SEARCH_USER_PATHS = NO;
				ASSETCATALOG_COMPILER_GENERATE_SWIFT_ASSET_SYMBOL_EXTENSIONS = YES;
				CLANG_ANALYZER_NONNULL = YES;
				CLANG_ANALYZER_NUMBER_OBJECT_CONVERSION = YES_AGGRESSIVE;
				CLANG_CXX_LANGUAGE_STANDARD = "gnu++20";
				CLANG_ENABLE_MODULES = YES;
				CLANG_ENABLE_OBJC_ARC = YES;
				CLANG_ENABLE_OBJC_WEAK = YES;
				CLANG_WARN_BLOCK_CAPTURE_AUTORELEASING = YES;
				CLANG_WARN_BOOL_CONVERSION = YES;
				CLANG_WARN_COMMA = YES;
				CLANG_WARN_CONSTANT_CONVERSION = YES;
				CLANG_WARN_DEPRECATED_OBJC_IMPLEMENTATIONS = YES;
				CLANG_WARN_DIRECT_OBJC_ISA_USAGE = YES_ERROR;
				CLANG_WARN_DOCUMENTATION_COMMENTS = YES;
				CLANG_WARN_EMPTY_BODY = YES;
				CLANG_WARN_ENUM_CONVERSION = YES;
				CLANG_WARN_INFINITE_RECURSION = YES;
				CLANG_WARN_INT_CONVERSION = YES;
				CLANG_WARN_NON_LITERAL_NULL_CONVERSION = YES;
				CLANG_WARN_OBJC_IMPLICIT_RETAIN_SELF = YES;
				CLANG_WARN_OBJC_LITERAL_CONVERSION = YES;
				CLANG_WARN_OBJC_ROOT_CLASS = YES_ERROR;
				CLANG_WARN_QUOTED_INCLUDE_IN_FRAMEWORK_HEADER = YES;
				CLANG_WARN_RANGE_LOOP_ANALYSIS = YES;
				CLANG_WARN_STRICT_PROTOTYPES = YES;
				CLANG_WARN_SUSPICIOUS_MOVE = YES;
				CLANG_WARN_UNGUARDED_AVAILABILITY = YES_AGGRESSIVE;
				CLANG_WARN_UNREACHABLE_CODE = YES;
				CLANG_WARN__DUPLICATE_METHOD_MATCH = YES;
				COPY_PHASE_STRIP = NO;
				DEBUG_INFORMATION_FORMAT = dwarf;
				DEVELOPMENT_TEAM = YMWQA4CLV6;
				ENABLE_STRICT_OBJC_MSGSEND = YES;
				ENABLE_TESTABILITY = YES;
				ENABLE_USER_SCRIPT_SANDBOXING = YES;
				GCC_C_LANGUAGE_STANDARD = gnu17;
				GCC_DYNAMIC_NO_PIC = NO;
				GCC_NO_COMMON_BLOCKS = YES;
				GCC_OPTIMIZATION_LEVEL = 0;
				GCC_PREPROCESSOR_DEFINITIONS = (
					"DEBUG=1",
					"$(inherited)",
				);
				GCC_WARN_64_TO_32_BIT_CONVERSION = YES;
				GCC_WARN_ABOUT_RETURN_TYPE = YES_ERROR;
				GCC_WARN_UNDECLARED_SELECTOR = YES;
				GCC_WARN_UNINITIALIZED_AUTOS = YES_AGGRESSIVE;
				GCC_WARN_UNUSED_FUNCTION = YES;
				GCC_WARN_UNUSED_VARIABLE = YES;
				LOCALIZATION_PREFERS_STRING_CATALOGS = YES;
				MTL_ENABLE_DEBUG_INFO = INCLUDE_SOURCE;
				MTL_FAST_MATH = YES;
				ONLY_ACTIVE_ARCH = YES;
				SWIFT_ACTIVE_COMPILATION_CONDITIONS = "DEBUG $(inherited)";
				SWIFT_OPTIMIZATION_LEVEL = "-Onone";
			};
			name = Debug;
		};
		89BC9BD32FF31AC70057D47D /* Release */ = {
			isa = XCBuildConfiguration;
			buildSettings = {
				ALWAYS_SEARCH_USER_PATHS = NO;
				ASSETCATALOG_COMPILER_GENERATE_SWIFT_ASSET_SYMBOL_EXTENSIONS = YES;
				CLANG_ANALYZER_NONNULL = YES;
				CLANG_ANALYZER_NUMBER_OBJECT_CONVERSION = YES_AGGRESSIVE;
				CLANG_CXX_LANGUAGE_STANDARD = "gnu++20";
				CLANG_ENABLE_MODULES = YES;
				CLANG_ENABLE_OBJC_ARC = YES;
				CLANG_ENABLE_OBJC_WEAK = YES;
				CLANG_WARN_BLOCK_CAPTURE_AUTORELEASING = YES;
				CLANG_WARN_BOOL_CONVERSION = YES;
				CLANG_WARN_COMMA = YES;
				CLANG_WARN_CONSTANT_CONVERSION = YES;
				CLANG_WARN_DEPRECATED_OBJC_IMPLEMENTATIONS = YES;
				CLANG_WARN_DIRECT_OBJC_ISA_USAGE = YES_ERROR;
				CLANG_WARN_DOCUMENTATION_COMMENTS = YES;
				CLANG_WARN_EMPTY_BODY = YES;
				CLANG_WARN_ENUM_CONVERSION = YES;
				CLANG_WARN_INFINITE_RECURSION = YES;
				CLANG_WARN_INT_CONVERSION = YES;
				CLANG_WARN_NON_LITERAL_NULL_CONVERSION = YES;
				CLANG_WARN_OBJC_IMPLICIT_RETAIN_SELF = YES;
				CLANG_WARN_OBJC_LITERAL_CONVERSION = YES;
				CLANG_WARN_OBJC_ROOT_CLASS = YES_ERROR;
				CLANG_WARN_QUOTED_INCLUDE_IN_FRAMEWORK_HEADER = YES;
				CLANG_WARN_RANGE_LOOP_ANALYSIS = YES;
				CLANG_WARN_STRICT_PROTOTYPES = YES;
				CLANG_WARN_SUSPICIOUS_MOVE = YES;
				CLANG_WARN_UNGUARDED_AVAILABILITY = YES_AGGRESSIVE;
				CLANG_WARN_UNREACHABLE_CODE = YES;
				CLANG_WARN__DUPLICATE_METHOD_MATCH = YES;
				COPY_PHASE_STRIP = NO;
				DEBUG_INFORMATION_FORMAT = "dwarf-with-dsym";
				DEVELOPMENT_TEAM = YMWQA4CLV6;
				ENABLE_NS_ASSERTIONS = NO;
				ENABLE_STRICT_OBJC_MSGSEND = YES;
				ENABLE_USER_SCRIPT_SANDBOXING = YES;
				GCC_C_LANGUAGE_STANDARD = gnu17;
				GCC_NO_COMMON_BLOCKS = YES;
				GCC_WARN_64_TO_32_BIT_CONVERSION = YES;
				GCC_WARN_ABOUT_RETURN_TYPE = YES_ERROR;
				GCC_WARN_UNDECLARED_SELECTOR = YES;
				GCC_WARN_UNINITIALIZED_AUTOS = YES_AGGRESSIVE;
				GCC_WARN_UNUSED_FUNCTION = YES;
				GCC_WARN_UNUSED_VARIABLE = YES;
				LOCALIZATION_PREFERS_STRING_CATALOGS = YES;
				MTL_ENABLE_DEBUG_INFO = NO;
				MTL_FAST_MATH = YES;
				SWIFT_COMPILATION_MODE = wholemodule;
			};
			name = Release;
		};
		89BC9BD52FF31AC70057D47D /* Debug */ = {
			isa = XCBuildConfiguration;
			buildSettings = {
				ASSETCATALOG_COMPILER_APPICON_NAME = AppIcon;
				ASSETCATALOG_COMPILER_GLOBAL_ACCENT_COLOR_NAME = AccentColor;
				CODE_SIGN_ENTITLEMENTS = Spottersaurus/Spottersaurus.entitlements;
				CODE_SIGN_STYLE = Automatic;
				CURRENT_PROJECT_VERSION = 1;
				DEVELOPMENT_TEAM = YMWQA4CLV6;
				ENABLE_APP_SANDBOX = YES;
				ENABLE_HARDENED_RUNTIME = YES;
				ENABLE_PREVIEWS = YES;
				ENABLE_USER_SELECTED_FILES = readonly;
				GENERATE_INFOPLIST_FILE = NO;
				INFOPLIST_FILE = Spottersaurus/Info.plist;
				IPHONEOS_DEPLOYMENT_TARGET = 26.5;
				LD_RUNPATH_SEARCH_PATHS = "@executable_path/Frameworks";
				"LD_RUNPATH_SEARCH_PATHS[sdk=macosx*]" = "@executable_path/../Frameworks";
				MACOSX_DEPLOYMENT_TARGET = 26.5;
				MARKETING_VERSION = 1.0;
				PRODUCT_BUNDLE_IDENTIFIER = amadeu.dev.Spottersaurus;
				PRODUCT_NAME = "$(TARGET_NAME)";
				REGISTER_APP_GROUPS = YES;
				SDKROOT = auto;
				STRING_CATALOG_GENERATE_SYMBOLS = YES;
				SUPPORTED_PLATFORMS = "iphoneos iphonesimulator";
				SUPPORTS_MACCATALYST = NO;
				SWIFT_APPROACHABLE_CONCURRENCY = YES;
				SWIFT_DEFAULT_ACTOR_ISOLATION = MainActor;
				SWIFT_EMIT_LOC_STRINGS = YES;
				SWIFT_UPCOMING_FEATURE_MEMBER_IMPORT_VISIBILITY = YES;
				SWIFT_VERSION = 5.0;
				TARGETED_DEVICE_FAMILY = "1,2";
				XROS_DEPLOYMENT_TARGET = 26.5;
			};
			name = Debug;
		};
		89BC9BD62FF31AC70057D47D /* Release */ = {
			isa = XCBuildConfiguration;
			buildSettings = {
				ASSETCATALOG_COMPILER_APPICON_NAME = AppIcon;
				ASSETCATALOG_COMPILER_GLOBAL_ACCENT_COLOR_NAME = AccentColor;
				CODE_SIGN_ENTITLEMENTS = Spottersaurus/Spottersaurus.entitlements;
				CODE_SIGN_STYLE = Automatic;
				CURRENT_PROJECT_VERSION = 1;
				DEVELOPMENT_TEAM = YMWQA4CLV6;
				ENABLE_APP_SANDBOX = YES;
				ENABLE_HARDENED_RUNTIME = YES;
				ENABLE_PREVIEWS = YES;
				ENABLE_USER_SELECTED_FILES = readonly;
				GENERATE_INFOPLIST_FILE = NO;
				INFOPLIST_FILE = Spottersaurus/Info.plist;
				IPHONEOS_DEPLOYMENT_TARGET = 26.5;
				LD_RUNPATH_SEARCH_PATHS = "@executable_path/Frameworks";
				"LD_RUNPATH_SEARCH_PATHS[sdk=macosx*]" = "@executable_path/../Frameworks";
				MACOSX_DEPLOYMENT_TARGET = 26.5;
				MARKETING_VERSION = 1.0;
				PRODUCT_BUNDLE_IDENTIFIER = amadeu.dev.Spottersaurus;
				PRODUCT_NAME = "$(TARGET_NAME)";
				REGISTER_APP_GROUPS = YES;
				SDKROOT = auto;
				STRING_CATALOG_GENERATE_SYMBOLS = YES;
				SUPPORTED_PLATFORMS = "iphoneos iphonesimulator";
				SUPPORTS_MACCATALYST = NO;
				SWIFT_APPROACHABLE_CONCURRENCY = YES;
				SWIFT_DEFAULT_ACTOR_ISOLATION = MainActor;
				SWIFT_EMIT_LOC_STRINGS = YES;
				SWIFT_UPCOMING_FEATURE_MEMBER_IMPORT_VISIBILITY = YES;
				SWIFT_VERSION = 5.0;
				TARGETED_DEVICE_FAMILY = "1,2";
				XROS_DEPLOYMENT_TARGET = 26.5;
			};
			name = Release;
		};
		89BC9BD82FF31AC70057D47D /* Debug */ = {
			isa = XCBuildConfiguration;
			buildSettings = {
				BUNDLE_LOADER = "$(TEST_HOST)";
				CODE_SIGN_STYLE = Automatic;
				CURRENT_PROJECT_VERSION = 1;
				DEVELOPMENT_TEAM = YMWQA4CLV6;
				GENERATE_INFOPLIST_FILE = YES;
				IPHONEOS_DEPLOYMENT_TARGET = 26.5;
				MACOSX_DEPLOYMENT_TARGET = 26.5;
				MARKETING_VERSION = 1.0;
				PRODUCT_BUNDLE_IDENTIFIER = amadeu.dev.SpottersaurusTests;
				PRODUCT_NAME = "$(TARGET_NAME)";
				SDKROOT = auto;
				STRING_CATALOG_GENERATE_SYMBOLS = NO;
				SUPPORTED_PLATFORMS = "iphoneos iphonesimulator macosx xros xrsimulator";
				SWIFT_APPROACHABLE_CONCURRENCY = YES;
				SWIFT_EMIT_LOC_STRINGS = NO;
				SWIFT_UPCOMING_FEATURE_MEMBER_IMPORT_VISIBILITY = YES;
				SWIFT_VERSION = 5.0;
				TARGETED_DEVICE_FAMILY = "1,2,7";
				TEST_HOST = "$(BUILT_PRODUCTS_DIR)/Spottersaurus.app/$(BUNDLE_EXECUTABLE_FOLDER_PATH)/Spottersaurus";
				XROS_DEPLOYMENT_TARGET = 26.5;
			};
			name = Debug;
		};
		89BC9BD92FF31AC70057D47D /* Release */ = {
			isa = XCBuildConfiguration;
			buildSettings = {
				BUNDLE_LOADER = "$(TEST_HOST)";
				CODE_SIGN_STYLE = Automatic;
				CURRENT_PROJECT_VERSION = 1;
				DEVELOPMENT_TEAM = YMWQA4CLV6;
				GENERATE_INFOPLIST_FILE = YES;
				IPHONEOS_DEPLOYMENT_TARGET = 26.5;
				MACOSX_DEPLOYMENT_TARGET = 26.5;
				MARKETING_VERSION = 1.0;
				PRODUCT_BUNDLE_IDENTIFIER = amadeu.dev.SpottersaurusTests;
				PRODUCT_NAME = "$(TARGET_NAME)";
				SDKROOT = auto;
				STRING_CATALOG_GENERATE_SYMBOLS = NO;
				SUPPORTED_PLATFORMS = "iphoneos iphonesimulator macosx xros xrsimulator";
				SWIFT_APPROACHABLE_CONCURRENCY = YES;
				SWIFT_EMIT_LOC_STRINGS = NO;
				SWIFT_UPCOMING_FEATURE_MEMBER_IMPORT_VISIBILITY = YES;
				SWIFT_VERSION = 5.0;
				TARGETED_DEVICE_FAMILY = "1,2,7";
				TEST_HOST = "$(BUILT_PRODUCTS_DIR)/Spottersaurus.app/$(BUNDLE_EXECUTABLE_FOLDER_PATH)/Spottersaurus";
				XROS_DEPLOYMENT_TARGET = 26.5;
			};
			name = Release;
		};
		89BC9BDB2FF31AC70057D47D /* Debug */ = {
			isa = XCBuildConfiguration;
			buildSettings = {
				CODE_SIGN_STYLE = Automatic;
				CURRENT_PROJECT_VERSION = 1;
				DEVELOPMENT_TEAM = YMWQA4CLV6;
				GENERATE_INFOPLIST_FILE = YES;
				IPHONEOS_DEPLOYMENT_TARGET = 26.5;
				MACOSX_DEPLOYMENT_TARGET = 26.5;
				MARKETING_VERSION = 1.0;
				PRODUCT_BUNDLE_IDENTIFIER = amadeu.dev.SpottersaurusUITests;
				PRODUCT_NAME = "$(TARGET_NAME)";
				SDKROOT = auto;
				STRING_CATALOG_GENERATE_SYMBOLS = NO;
				SUPPORTED_PLATFORMS = "iphoneos iphonesimulator macosx xros xrsimulator";
				SWIFT_APPROACHABLE_CONCURRENCY = YES;
				SWIFT_EMIT_LOC_STRINGS = NO;
				SWIFT_UPCOMING_FEATURE_MEMBER_IMPORT_VISIBILITY = YES;
				SWIFT_VERSION = 5.0;
				TARGETED_DEVICE_FAMILY = "1,2,7";
				TEST_TARGET_NAME = Spottersaurus;
				XROS_DEPLOYMENT_TARGET = 26.5;
			};
			name = Debug;
		};
		89BC9BDC2FF31AC70057D47D /* Release */ = {
			isa = XCBuildConfiguration;
			buildSettings = {
				CODE_SIGN_STYLE = Automatic;
				CURRENT_PROJECT_VERSION = 1;
				DEVELOPMENT_TEAM = YMWQA4CLV6;
				GENERATE_INFOPLIST_FILE = YES;
				IPHONEOS_DEPLOYMENT_TARGET = 26.5;
				MACOSX_DEPLOYMENT_TARGET = 26.5;
				MARKETING_VERSION = 1.0;
				PRODUCT_BUNDLE_IDENTIFIER = amadeu.dev.SpottersaurusUITests;
				PRODUCT_NAME = "$(TARGET_NAME)";
				SDKROOT = auto;
				STRING_CATALOG_GENERATE_SYMBOLS = NO;
				SUPPORTED_PLATFORMS = "iphoneos iphonesimulator macosx xros xrsimulator";
				SWIFT_APPROACHABLE_CONCURRENCY = YES;
				SWIFT_EMIT_LOC_STRINGS = NO;
				SWIFT_UPCOMING_FEATURE_MEMBER_IMPORT_VISIBILITY = YES;
				SWIFT_VERSION = 5.0;
				TARGETED_DEVICE_FAMILY = "1,2,7";
				TEST_TARGET_NAME = Spottersaurus;
				XROS_DEPLOYMENT_TARGET = 26.5;
			};
			name = Release;
		};
/* End XCBuildConfiguration section */

/* Begin XCConfigurationList section */
		2CB31BDAF71B9D08BD126FD4 /* Build configuration list for PBXNativeTarget "Spottersaurus Watch App" */ = {
			isa = XCConfigurationList;
			buildConfigurations = (
				8870C7F50546565401710BBB /* Release */,
				2333AD654DDE6EFEE6BCEA88 /* Debug */,
			);
			defaultConfigurationIsVisible = 0;
			defaultConfigurationName = Release;
		};
		89BC9BAC2FF31AC50057D47D /* Build configuration list for PBXProject "Spottersaurus" */ = {
			isa = XCConfigurationList;
			buildConfigurations = (
				89BC9BD22FF31AC70057D47D /* Debug */,
				89BC9BD32FF31AC70057D47D /* Release */,
			);
			defaultConfigurationIsVisible = 0;
			defaultConfigurationName = Release;
		};
		89BC9BD42FF31AC70057D47D /* Build configuration list for PBXNativeTarget "Spottersaurus" */ = {
			isa = XCConfigurationList;
			buildConfigurations = (
				89BC9BD52FF31AC70057D47D /* Debug */,
				89BC9BD62FF31AC70057D47D /* Release */,
			);
			defaultConfigurationIsVisible = 0;
			defaultConfigurationName = Release;
		};
		89BC9BD72FF31AC70057D47D /* Build configuration list for PBXNativeTarget "SpottersaurusTests" */ = {
			isa = XCConfigurationList;
			buildConfigurations = (
				89BC9BD82FF31AC70057D47D /* Debug */,
				89BC9BD92FF31AC70057D47D /* Release */,
			);
			defaultConfigurationIsVisible = 0;
			defaultConfigurationName = Release;
		};
		89BC9BDA2FF31AC70057D47D /* Build configuration list for PBXNativeTarget "SpottersaurusUITests" */ = {
			isa = XCConfigurationList;
			buildConfigurations = (
				89BC9BDB2FF31AC70057D47D /* Debug */,
				89BC9BDC2FF31AC70057D47D /* Release */,
			);
			defaultConfigurationIsVisible = 0;
			defaultConfigurationName = Release;
		};
/* End XCConfigurationList section */

/* Begin XCLocalSwiftPackageReference section */
		E8F567BEAD1605D4C8CF507E /* XCLocalSwiftPackageReference "SpottersaurusKit" */ = {
			isa = XCLocalSwiftPackageReference;
			relativePath = Packages/SpottersaurusKit;
		};
/* End XCLocalSwiftPackageReference section */

/* Begin XCSwiftPackageProductDependency section */
		3C68AE2D3916E16DB1ABDBF8 /* SpottersaurusKit */ = {
			isa = XCSwiftPackageProductDependency;
			package = E8F567BEAD1605D4C8CF507E /* XCLocalSwiftPackageReference "SpottersaurusKit" */;
			productName = SpottersaurusKit;
		};
		E80C4A7F1F38EE7D87177D25 /* SpottersaurusKit */ = {
			isa = XCSwiftPackageProductDependency;
			package = E8F567BEAD1605D4C8CF507E /* XCLocalSwiftPackageReference "SpottersaurusKit" */;
			productName = SpottersaurusKit;
		};
/* End XCSwiftPackageProductDependency section */
	};
	rootObject = 89BC9BA92FF31AC50057D47D /* Project object */;
}
